
Microsoft Visual Studio Solution File, Format Version 12.00
# Visual Studio 14
VisualStudioVersion = 14.0.25123.0
MinimumVisualStudioVersion = 10.0.40219.1
Project("{FAE04EC0-301F-11D3-BF4B-00C04F79EFBC}") = "Scallion.Tools.Essentials", "Scallion.Tools.Essentials\Scallion.Tools.Essentials.csproj", "{9BE64C27-CAE3-444C-84E9-EA919AB26168}"
EndProject
Project("{FAE04EC0-301F-11D3-BF4B-00C04F79EFBC}") = "vmdscale", "vmdscale\vmdscale.csproj", "{9572F9F5-0B78-4F34-B664-B62306FED607}"
EndProject
Project("{FAE04EC0-301F-11D3-BF4B-00C04F79EFBC}") = "vmdcut", "vmdcut\vmdcut.csproj", "{782835FC-78D8-4177-B45B-C9D8C3EF8DCC}"
EndProject
Project("{FAE04EC0-301F-11D3-BF4B-00C04F79EFBC}") = "vmdstat", "vmdstat\vmdstat.csproj", "{55E45031-73DE-40DB-A801-73530A7BA1A7}"
EndProject
Global
	GlobalSection(SolutionConfigurationPlatforms) = preSolution
		Debug|Any CPU = Debug|Any CPU
		Release|Any CPU = Release|Any CPU
	EndGlobalSection
	GlobalSection(ProjectConfigurationPlatforms) = postSolution
		{9BE64C27-CAE3-444C-84E9-EA919AB26168}.Debug|Any CPU.ActiveCfg = Debug|Any CPU
		{9BE64C27-CAE3-444C-84E9-EA919AB26168}.Debug|Any CPU.Build.0 = Debug|Any CPU
		{9BE64C27-CAE3-444C-84E9-EA919AB26168}.Release|Any CPU.ActiveCfg = Release|Any CPU
		{9BE64C27-CAE3-444C-84E9-EA919AB26168}.Release|Any CPU.Build.0 = Release|Any CPU
		{9572F9F5-0B78-4F34-B664-B62306FED607}.Debug|Any CPU.ActiveCfg = Debug|Any CPU
		{9572F9F5-0B78-4F34-B664-B62306FED607}.Debug|Any CPU.Build.0 = Debug|Any CPU
		{9572F9F5-0B78-4F34-B664-B62306FED607}.Release|Any CPU.ActiveCfg = Release|Any CPU
		{9572F9F5-0B78-4F34-B664-B62306FED607}.Release|Any CPU.Build.0 = Release|Any CPU
		{782835FC-78D8-4177-B45B-C9D8C3EF8DCC}.Debug|Any CPU.ActiveCfg = Debug|Any CPU
		{782835FC-78D8-4177-B45B-C9D8C3EF8DCC}.Debug|Any CPU.Build.0 = Debug|Any CPU
		{782835FC-78D8-4177-B45B-C9D8C3EF8DCC}.Release|Any CPU.ActiveCfg = Release|Any CPU
		{782835FC-78D8-4177-B45B-C9D8C3EF8DCC}.Release|Any CPU.Build.0 = Release|Any CPU
		{55E45031-73DE-40DB-A801-73530A7BA1A7}.Debug|Any CPU.ActiveCfg = Debug|Any CPU
		{55E45031-73DE-40DB-A801-73530A7BA1A7}.Debug|Any CPU.Build.0 = Debug|Any CPU
		{55E45031-73DE-40DB-A801-73530A7BA1A7}.Release|Any CPU.ActiveCfg = Release|Any CPU
		{55E45031-73DE-40DB-A801-73530A7BA1A7}.Release|Any CPU.Build.0 = Release|Any CPU
	EndGlobalSection
	GlobalSection(SolutionProperties) = preSolution
		HideSolutionNode = FALSE
	EndGlobalSection
EndGlobal
